
Microsoft Visual Studio Solution File, Format Version 12.00
# Visual Studio Version 17
VisualStudioVersion = 17.10.35013.160
MinimumVisualStudioVersion = 10.0.40219.1
Project("{8BC9CEB8-8B4A-11D0-8D11-00A0C91BC942}") = "rollingHashes", "rollingHashes.vcxproj", "{D69710A4-759E-4972-BB71-0EB426B7CCCF}"
EndProject
Global
	GlobalSection(SolutionConfigurationPlatforms) = preSolution
		Debug|x64 = Debug|x64
		Debug|x86 = Debug|x86
		Release|x64 = Release|x64
		Release|x86 = Release|x86
	EndGlobalSection
	GlobalSection(ProjectConfigurationPlatforms) = postSolution
		{D69710A4-759E-4972-BB71-0EB426B7CCCF}.Debug|x64.ActiveCfg = Debug|x64
		{D69710A4-759E-4972-BB71-0EB426B7CCCF}.Debug|x64.Build.0 = Debug|x64
		{D69710A4-759E-4972-BB71-0EB426B7CCCF}.Debug|x86.ActiveCfg = Debug|Win32
		{D69710A4-759E-4972-BB71-0EB426B7CCCF}.Debug|x86.Build.0 = Debug|Win32
		{D69710A4-759E-4972-BB71-0EB426B7CCCF}.Release|x64.ActiveCfg = Release|x64
		{D69710A4-759E-4972-BB71-0EB426B7CCCF}.Release|x64.Build.0 = Release|x64
		{D69710A4-759E-4972-BB71-0EB426B7CCCF}.Release|x86.ActiveCfg = Release|Win32
		{D69710A4-759E-4972-BB71-0EB426B7CCCF}.Release|x86.Build.0 = Release|Win32
	EndGlobalSection
	GlobalSection(SolutionProperties) = preSolution
		HideSolutionNode = FALSE
	EndGlobalSection
	GlobalSection(ExtensibilityGlobals) = postSolution
		SolutionGuid = {54E4492D-1776-48F2-94E3-A42AEF0A58EE}
	EndGlobalSection
EndGlobal
